
Microsoft Visual Studio Solution File, Format Version 12.00
# Visual Studio 15
VisualStudioVersion = 15.0.28010.2041
MinimumVisualStudioVersion = 10.0.40219.1
Project("{9A19103F-16F7-4668-BE54-9A1E7A4F7556}") = "SharpAudio", "SharpAudio\SharpAudio.csproj", "{AD19351A-0D24-444D-BD1D-6E341751AD37}"
EndProject
Project("{9A19103F-16F7-4668-BE54-9A1E7A4F7556}") = "SharpAudio.Tests", "SharpAudio.Tests\SharpAudio.Tests.csproj", "{6A27A222-8623-47E6-AF82-8A9FFB65B04C}"
	ProjectSection(ProjectDependencies) = postProject
		{AD19351A-0D24-444D-BD1D-6E341751AD37} = {AD19351A-0D24-444D-BD1D-6E341751AD37}
	EndProjectSection
EndProject
Project("{FAE04EC0-301F-11D3-BF4B-00C04F79EFBC}") = "SharpAudio.Util", "SharpAudio.Util\SharpAudio.Util.csproj", "{5986D531-84E3-4AD2-9401-6DAAC0B99A72}"
EndProject
Global
	GlobalSection(SolutionConfigurationPlatforms) = preSolution
		Debug|Any CPU = Debug|Any CPU
		Release|Any CPU = Release|Any CPU
	EndGlobalSection
	GlobalSection(ProjectConfigurationPlatforms) = postSolution
		{AD19351A-0D24-444D-BD1D-6E341751AD37}.Debug|Any CPU.ActiveCfg = Debug|Any CPU
		{AD19351A-0D24-444D-BD1D-6E341751AD37}.Debug|Any CPU.Build.0 = Debug|Any CPU
		{AD19351A-0D24-444D-BD1D-6E341751AD37}.Release|Any CPU.ActiveCfg = Release|Any CPU
		{AD19351A-0D24-444D-BD1D-6E341751AD37}.Release|Any CPU.Build.0 = Release|Any CPU
		{6A27A222-8623-47E6-AF82-8A9FFB65B04C}.Debug|Any CPU.ActiveCfg = Debug|Any CPU
		{6A27A222-8623-47E6-AF82-8A9FFB65B04C}.Debug|Any CPU.Build.0 = Debug|Any CPU
		{6A27A222-8623-47E6-AF82-8A9FFB65B04C}.Release|Any CPU.ActiveCfg = Release|Any CPU
		{6A27A222-8623-47E6-AF82-8A9FFB65B04C}.Release|Any CPU.Build.0 = Release|Any CPU
		{5986D531-84E3-4AD2-9401-6DAAC0B99A72}.Debug|Any CPU.ActiveCfg = Debug|Any CPU
		{5986D531-84E3-4AD2-9401-6DAAC0B99A72}.Debug|Any CPU.Build.0 = Debug|Any CPU
		{5986D531-84E3-4AD2-9401-6DAAC0B99A72}.Release|Any CPU.ActiveCfg = Release|Any CPU
		{5986D531-84E3-4AD2-9401-6DAAC0B99A72}.Release|Any CPU.Build.0 = Release|Any CPU
	EndGlobalSection
	GlobalSection(SolutionProperties) = preSolution
		HideSolutionNode = FALSE
	EndGlobalSection
	GlobalSection(ExtensibilityGlobals) = postSolution
		SolutionGuid = {3254DC25-60F6-4C25-8412-58BC0E2CA85A}
	EndGlobalSection
EndGlobal
